dependencies:
- name: mongodb
  repository: https://charts.bitnami.com/bitnami
  version: 10.3.7
- name: rabbitmq
  repository: https://charts.bitnami.com/bitnami
  version: 8.6.4
- name: user-service
  repository: https://ikenom.github.io/user-service
  version: 0.0.57
digest: sha256:91bfd679a9ad63ed004b1209c8933b7d230cd2fc3d9de488a60a11d324cdb427
generated: "2021-03-14T23:55:23.304544-04:00"
